
Microsoft Visual Studio Solution File, Format Version 10.00
# Visual Studio 2008
Project("{8BC9CEB8-8B4A-11D0-8D11-00A0C91BC942}") = "HotkeyHandler", "HotkeyHandler.vcproj", "{BB2CFC1E-F5C2-4734-9663-218031E45148}"
EndProject
Global
	GlobalSection(SolutionConfigurationPlatforms) = preSolution
		Debug|Win32 = Debug|Win32
		Release|Win32 = Release|Win32
	EndGlobalSection
	GlobalSection(ProjectConfigurationPlatforms) = postSolution
		{BB2CFC1E-F5C2-4734-9663-218031E45148}.Debug|Win32.ActiveCfg = Debug|Win32
		{BB2CFC1E-F5C2-4734-9663-218031E45148}.Debug|Win32.Build.0 = Debug|Win32
		{BB2CFC1E-F5C2-4734-9663-218031E45148}.Release|Win32.ActiveCfg = Release|Win32
		{BB2CFC1E-F5C2-4734-9663-218031E45148}.Release|Win32.Build.0 = Release|Win32
	EndGlobalSection
	GlobalSection(SolutionProperties) = preSolution
		HideSolutionNode = FALSE
	EndGlobalSection
EndGlobal
